
Microsoft Visual Studio Solution File, Format Version 12.00
# Visual Studio Version 17
VisualStudioVersion = 17.9.34728.123
MinimumVisualStudioVersion = 10.0.40219.1
Project("{9092AA53-FB77-4645-B42D-1CCCA6BD08BD}") = "JsServer", "JsServer\JsServer.njsproj", "{D60C72DA-A9F6-4044-BE96-7591DF4481B8}"
EndProject
Global
	GlobalSection(SolutionConfigurationPlatforms) = preSolution
		Debug|Any CPU = Debug|Any CPU
		Release|Any CPU = Release|Any CPU
	EndGlobalSection
	GlobalSection(ProjectConfigurationPlatforms) = postSolution
		{D60C72DA-A9F6-4044-BE96-7591DF4481B8}.Debug|Any CPU.ActiveCfg = Debug|Any CPU
		{D60C72DA-A9F6-4044-BE96-7591DF4481B8}.Debug|Any CPU.Build.0 = Debug|Any CPU
		{D60C72DA-A9F6-4044-BE96-7591DF4481B8}.Release|Any CPU.ActiveCfg = Release|Any CPU
		{D60C72DA-A9F6-4044-BE96-7591DF4481B8}.Release|Any CPU.Build.0 = Release|Any CPU
	EndGlobalSection
	GlobalSection(SolutionProperties) = preSolution
		HideSolutionNode = FALSE
	EndGlobalSection
	GlobalSection(ExtensibilityGlobals) = postSolution
		SolutionGuid = {59D7EB27-65CB-429B-8CB4-A573BED092E7}
	EndGlobalSection
EndGlobal
